
Microsoft Visual Studio Solution File, Format Version 12.00
# Visual Studio Version 17
VisualStudioVersion = 17.2.32630.192
MinimumVisualStudioVersion = 10.0.40219.1
Project("{FAE04EC0-301F-11D3-BF4B-00C04F79EFBC}") = "ProgrammingTheoryUniversity", "ProgrammingTheoryUniversity.csproj", "{C8DA0740-E3D2-4608-9FBA-8F74E56C0196}"
EndProject
Global
	GlobalSection(SolutionConfigurationPlatforms) = preSolution
		Debug|Any CPU = Debug|Any CPU
		Release|Any CPU = Release|Any CPU
	EndGlobalSection
	GlobalSection(ProjectConfigurationPlatforms) = postSolution
		{C8DA0740-E3D2-4608-9FBA-8F74E56C0196}.Debug|Any CPU.ActiveCfg = Debug|Any CPU
		{C8DA0740-E3D2-4608-9FBA-8F74E56C0196}.Debug|Any CPU.Build.0 = Debug|Any CPU
		{C8DA0740-E3D2-4608-9FBA-8F74E56C0196}.Release|Any CPU.ActiveCfg = Release|Any CPU
		{C8DA0740-E3D2-4608-9FBA-8F74E56C0196}.Release|Any CPU.Build.0 = Release|Any CPU
	EndGlobalSection
	GlobalSection(SolutionProperties) = preSolution
		HideSolutionNode = FALSE
	EndGlobalSection
	GlobalSection(ExtensibilityGlobals) = postSolution
		SolutionGuid = {D3E99CB7-CC17-4DB4-B1D3-3DE352B363FF}
	EndGlobalSection
EndGlobal
